
Microsoft Visual Studio Solution File, Format Version 12.00
# Visual Studio 14
VisualStudioVersion = 14.0.25420.1
MinimumVisualStudioVersion = 10.0.40219.1
Project("{FAE04EC0-301F-11D3-BF4B-00C04F79EFBC}") = "PackageBuilderOnline", "PackageBuilderOnline\PackageBuilderOnline.csproj", "{1CB84C6A-BD45-4BA2-89D0-A3794EF7DCB1}"
EndProject
Project("{FAE04EC0-301F-11D3-BF4B-00C04F79EFBC}") = "PackageBuilderBusiness", "PackageBuilderBusiness\PackageBuilderBusiness.csproj", "{D5FE4901-C8A7-4326-89E7-F7C94FE49884}"
EndProject
Global
	GlobalSection(SolutionConfigurationPlatforms) = preSolution
		Debug|Any CPU = Debug|Any CPU
		Release|Any CPU = Release|Any CPU
	EndGlobalSection
	GlobalSection(ProjectConfigurationPlatforms) = postSolution
		{1CB84C6A-BD45-4BA2-89D0-A3794EF7DCB1}.Debug|Any CPU.ActiveCfg = Debug|Any CPU
		{1CB84C6A-BD45-4BA2-89D0-A3794EF7DCB1}.Debug|Any CPU.Build.0 = Debug|Any CPU
		{1CB84C6A-BD45-4BA2-89D0-A3794EF7DCB1}.Release|Any CPU.ActiveCfg = Release|Any CPU
		{1CB84C6A-BD45-4BA2-89D0-A3794EF7DCB1}.Release|Any CPU.Build.0 = Release|Any CPU
		{D5FE4901-C8A7-4326-89E7-F7C94FE49884}.Debug|Any CPU.ActiveCfg = Debug|Any CPU
		{D5FE4901-C8A7-4326-89E7-F7C94FE49884}.Debug|Any CPU.Build.0 = Debug|Any CPU
		{D5FE4901-C8A7-4326-89E7-F7C94FE49884}.Release|Any CPU.ActiveCfg = Release|Any CPU
		{D5FE4901-C8A7-4326-89E7-F7C94FE49884}.Release|Any CPU.Build.0 = Release|Any CPU
	EndGlobalSection
	GlobalSection(SolutionProperties) = preSolution
		HideSolutionNode = FALSE
	EndGlobalSection
EndGlobal
